
Microsoft Visual Studio Solution File, Format Version 12.00
# Visual Studio Version 16
VisualStudioVersion = 16.0.31613.86
MinimumVisualStudioVersion = 10.0.40219.1
Project("{FAE04EC0-301F-11D3-BF4B-00C04F79EFBC}") = "compressVideoGUI", "compressVideoGUI\compressVideoGUI.csproj", "{A87787B2-91C5-4EE1-A0FA-2F62EC2BB9CF}"
EndProject
Global
	GlobalSection(SolutionConfigurationPlatforms) = preSolution
		Debug|Any CPU = Debug|Any CPU
		Release|Any CPU = Release|Any CPU
	EndGlobalSection
	GlobalSection(ProjectConfigurationPlatforms) = postSolution
		{A87787B2-91C5-4EE1-A0FA-2F62EC2BB9CF}.Debug|Any CPU.ActiveCfg = Debug|Any CPU
		{A87787B2-91C5-4EE1-A0FA-2F62EC2BB9CF}.Debug|Any CPU.Build.0 = Debug|Any CPU
		{A87787B2-91C5-4EE1-A0FA-2F62EC2BB9CF}.Release|Any CPU.ActiveCfg = Release|Any CPU
		{A87787B2-91C5-4EE1-A0FA-2F62EC2BB9CF}.Release|Any CPU.Build.0 = Release|Any CPU
	EndGlobalSection
	GlobalSection(SolutionProperties) = preSolution
		HideSolutionNode = FALSE
	EndGlobalSection
	GlobalSection(ExtensibilityGlobals) = postSolution
		SolutionGuid = {AC461A08-3EE6-48DF-A5AA-A51709F125C1}
	EndGlobalSection
EndGlobal
